{
  "name": "thatchedroof.github.io",
  "lockfileVersion": 2,
  "requires": true,
  "packages": {
    "": {
      "devDependencies": {
        "safe-units": "^1.1.0"
      }
    },
    "node_modules/safe-units": {
      "version": "1.1.0",
      "resolved": "https://registry.npmjs.org/safe-units/-/safe-units-1.1.0.tgz",
      "integrity": "sha512-WdngV7XDJn7sl+FOestQ79K/YBA7F+jGS8xY4k3v7m6MvLIKMugwFCJC/C+JyZBxnQmt6c0cXRJrYoRTC92i8A==",
      "dev": true
    }
  },
  "dependencies": {
    "safe-units": {
      "version": "1.1.0",
      "resolved": "https://registry.npmjs.org/safe-units/-/safe-units-1.1.0.tgz",
      "integrity": "sha512-WdngV7XDJn7sl+FOestQ79K/YBA7F+jGS8xY4k3v7m6MvLIKMugwFCJC/C+JyZBxnQmt6c0cXRJrYoRTC92i8A==",
      "dev": true
    }
  }
}
