{
  "name": "crypt",
  "version": "1.0.0",
  "lockfileVersion": 3,
  "requires": true,
  "packages": {
    "": {
      "name": "crypt",
      "version": "1.0.0",
      "license": "ISC",
      "dependencies": {
        "js-base64": "^3.7.5"
      },
      "devDependencies": {
        "@types/node": "^20.1.0"
      }
    },
    "node_modules/@types/node": {
      "version": "20.1.0",
      "resolved": "https://registry.npmjs.org/@types/node/-/node-20.1.0.tgz",
      "integrity": "sha512-O+z53uwx64xY7D6roOi4+jApDGFg0qn6WHcxe5QeqjMaTezBO/mxdfFXIVAVVyNWKx84OmPB3L8kbVYOTeN34A==",
      "dev": true
    },
    "node_modules/js-base64": {
      "version": "3.7.5",
      "resolved": "https://registry.npmjs.org/js-base64/-/js-base64-3.7.5.tgz",
      "integrity": "sha512-3MEt5DTINKqfScXKfJFrRbxkrnk2AxPWGBL/ycjz4dK8iqiSJ06UxD8jh8xuh6p10TX4t2+7FsBYVxxQbMg+qA=="
    }
  }
}
